
Microsoft Visual Studio Solution File, Format Version 12.00
# Visual Studio Version 16
VisualStudioVersion = 16.0.36422.26
MinimumVisualStudioVersion = 10.0.40219.1
Project("{FAE04EC0-301F-11D3-BF4B-00C04F79EFBC}") = "Poligon2026 3 10 A", "Poligon2026 3 10 A.csproj", "{11A7C923-4ACC-4997-A38E-DF0C104083C9}"
EndProject
Global
	GlobalSection(SolutionConfigurationPlatforms) = preSolution
		Debug|Any CPU = Debug|Any CPU
		Release|Any CPU = Release|Any CPU
	EndGlobalSection
	GlobalSection(ProjectConfigurationPlatforms) = postSolution
		{11A7C923-4ACC-4997-A38E-DF0C104083C9}.Debug|Any CPU.ActiveCfg = Debug|Any CPU
		{11A7C923-4ACC-4997-A38E-DF0C104083C9}.Debug|Any CPU.Build.0 = Debug|Any CPU
		{11A7C923-4ACC-4997-A38E-DF0C104083C9}.Release|Any CPU.ActiveCfg = Release|Any CPU
		{11A7C923-4ACC-4997-A38E-DF0C104083C9}.Release|Any CPU.Build.0 = Release|Any CPU
	EndGlobalSection
	GlobalSection(SolutionProperties) = preSolution
		HideSolutionNode = FALSE
	EndGlobalSection
	GlobalSection(ExtensibilityGlobals) = postSolution
		SolutionGuid = {C6B0F133-436A-450E-B85D-DE1CC1423D19}
	EndGlobalSection
EndGlobal
